// !$*UTF8*$!
{
	archiveVersion = 1;
	classes = {
	};
	objectVersion = 46;
	objects = {

/* Begin PBXBuildFile section */
		1802AC9C1C56205D0018E9EC /* 购物车空.png in Resources */ = {isa = PBXBuildFile; fileRef = 1802AC9B1C56205D0018E9EC /* 购物车空.png */; };
		188377DF1C50DCC80055BA27 /* main.m in Sources */ = {isa = PBXBuildFile; fileRef = 188377DE1C50DCC80055BA27 /* main.m */; };
		188377E81C50DCC80055BA27 /* Main.storyboard in Resources */ = {isa = PBXBuildFile; fileRef = 188377E61C50DCC80055BA27 /* Main.storyboard */; };
		188377EA1C50DCC80055BA27 /* Assets.xcassets in Resources */ = {isa = PBXBuildFile; fileRef = 188377E91C50DCC80055BA27 /* Assets.xcassets */; };
		188377ED1C50DCC80055BA27 /* LaunchScreen.storyboard in Resources */ = {isa = PBXBuildFile; fileRef = 188377EB1C50DCC80055BA27 /* LaunchScreen.storyboard */; };
		188377F81C50DCC80055BA27 /* BWYShoppingCarTests.m in Sources */ = {isa = PBXBuildFile; fileRef = 188377F71C50DCC80055BA27 /* BWYShoppingCarTests.m */; };
		188378031C50DCC80055BA27 /* BWYShoppingCarUITests.m in Sources */ = {isa = PBXBuildFile; fileRef = 188378021C50DCC80055BA27 /* BWYShoppingCarUITests.m */; };
		188E94BE1C7FF58700367887 /* carAddNamol.png in Resources */ = {isa = PBXBuildFile; fileRef = 188E94B71C7FF58700367887 /* carAddNamol.png */; };
		188E94BF1C7FF58700367887 /* carAddSelect.png in Resources */ = {isa = PBXBuildFile; fileRef = 188E94B81C7FF58700367887 /* carAddSelect.png */; };
		188E94C01C7FF58700367887 /* carSubtractNamol.png in Resources */ = {isa = PBXBuildFile; fileRef = 188E94B91C7FF58700367887 /* carSubtractNamol.png */; };
		188E94C11C7FF58700367887 /* carSubtractSelect.png in Resources */ = {isa = PBXBuildFile; fileRef = 188E94BA1C7FF58700367887 /* carSubtractSelect.png */; };
		188E94C21C7FF58700367887 /* order_picture_2@2x.png in Resources */ = {isa = PBXBuildFile; fileRef = 188E94BB1C7FF58700367887 /* order_picture_2@2x.png */; };
		188E94C31C7FF58700367887 /* radiobuttons_normal@2x.png in Resources */ = {isa = PBXBuildFile; fileRef = 188E94BC1C7FF58700367887 /* radiobuttons_normal@2x.png */; };
		188E94C41C7FF58700367887 /* radiobuttons_pressed@2x.png in Resources */ = {isa = PBXBuildFile; fileRef = 188E94BD1C7FF58700367887 /* radiobuttons_pressed@2x.png */; };
		188E94C61C7FF75B00367887 /* kiutCat.png in Resources */ = {isa = PBXBuildFile; fileRef = 188E94C51C7FF75B00367887 /* kiutCat.png */; };
		188E94D31C80172600367887 /* BWYShoppingCarModel.m in Sources */ = {isa = PBXBuildFile; fileRef = 188E94C91C80172600367887 /* BWYShoppingCarModel.m */; };
		188E94D41C80172600367887 /* AppDelegate.m in Sources */ = {isa = PBXBuildFile; fileRef = 188E94CC1C80172600367887 /* AppDelegate.m */; };
		188E94D51C80172600367887 /* BWYShoppingCarTableViewCell.m in Sources */ = {isa = PBXBuildFile; fileRef = 188E94CF1C80172600367887 /* BWYShoppingCarTableViewCell.m */; };
		188E94D61C80172600367887 /* ViewController.m in Sources */ = {isa = PBXBuildFile; fileRef = 188E94D21C80172600367887 /* ViewController.m */; };
		188E94D91C80192900367887 /* DetailViewController.m in Sources */ = {isa = PBXBuildFile; fileRef = 188E94D81C80192900367887 /* DetailViewController.m */; };
		188E94DB1C80266400367887 /* deletedImage.png in Resources */ = {isa = PBXBuildFile; fileRef = 188E94DA1C80266400367887 /* deletedImage.png */; };
		188E94DD1C802A8B00367887 /* deletedImage_meitu_3.png in Resources */ = {isa = PBXBuildFile; fileRef = 188E94DC1C802A8B00367887 /* deletedImage_meitu_3.png */; };
		AFEE423C1C87DB4800F35B1B /* zhiang.jpg in Resources */ = {isa = PBXBuildFile; fileRef = AFEE423B1C87DB4800F35B1B /* zhiang.jpg */; };
/* End PBXBuildFile section */

/* Begin PBXContainerItemProxy section */
		188377F41C50DCC80055BA27 /* PBXContainerItemProxy */ = {
			isa = PBXContainerItemProxy;
			containerPortal = 188377D21C50DCC70055BA27 /* Project object */;
			proxyType = 1;
			remoteGlobalIDString = 188377D91C50DCC80055BA27;
			remoteInfo = BWYShoppingCar;
		};
		188377FF1C50DCC80055BA27 /* PBXContainerItemProxy */ = {
			isa = PBXContainerItemProxy;
			containerPortal = 188377D21C50DCC70055BA27 /* Project object */;
			proxyType = 1;
			remoteGlobalIDString = 188377D91C50DCC80055BA27;
			remoteInfo = BWYShoppingCar;
		};
/* End PBXContainerItemProxy section */

/* Begin PBXFileReference section */
		1802AC9B1C56205D0018E9EC /* 购物车空.png */ = {isa = PBXFileReference; lastKnownFileType = image.png; name = "购物车空.png"; path = "../购物车空.png"; sourceTree = "<group>"; };
		188377DA1C50DCC80055BA27 /* BWYShoppingCar.app */ = {isa = PBXFileReference; explicitFileType = wrapper.application; includeInIndex = 0; path = BWYShoppingCar.app; sourceTree = BUILT_PRODUCTS_DIR; };
		188377DE1C50DCC80055BA27 /* main.m */ = {isa = PBXFileReference; lastKnownFileType = sourcecode.c.objc; path = main.m; sourceTree = "<group>"; };
		188377E71C50DCC80055BA27 /* Base */ = {isa = PBXFileReference; lastKnownFileType = file.storyboard; name = Base; path = Base.lproj/Main.storyboard; sourceTree = "<group>"; };
		188377E91C50DCC80055BA27 /* Assets.xcassets */ = {isa = PBXFileReference; lastKnownFileType = folder.assetcatalog; path = Assets.xcassets; sourceTree = "<group>"; };
		188377EC1C50DCC80055BA27 /* Base */ = {isa = PBXFileReference; lastKnownFileType = file.storyboard; name = Base; path = Base.lproj/LaunchScreen.storyboard; sourceTree = "<group>"; };
		188377EE1C50DCC80055BA27 /* Info.plist */ = {isa = PBXFileReference; lastKnownFileType = text.plist.xml; path = Info.plist; sourceTree = "<group>"; };
		188377F31C50DCC80055BA27 /* BWYShoppingCarTests.xctest */ = {isa = PBXFileReference; explicitFileType = wrapper.cfbundle; includeInIndex = 0; path = BWYShoppingCarTests.xctest; sourceTree = BUILT_PRODUCTS_DIR; };
		188377F71C50DCC80055BA27 /* BWYShoppingCarTests.m */ = {isa = PBXFileReference; lastKnownFileType = sourcecode.c.objc; path = BWYShoppingCarTests.m; sourceTree = "<group>"; };
		188377F91C50DCC80055BA27 /* Info.plist */ = {isa = PBXFileReference; lastKnownFileType = text.plist.xml; path = Info.plist; sourceTree = "<group>"; };
		188377FE1C50DCC80055BA27 /* BWYShoppingCarUITests.xctest */ = {isa = PBXFileReference; explicitFileType = wrapper.cfbundle; includeInIndex = 0; path = BWYShoppingCarUITests.xctest; sourceTree = BUILT_PRODUCTS_DIR; };
		188378021C50DCC80055BA27 /* BWYShoppingCarUITests.m */ = {isa = PBXFileReference; lastKnownFileType = sourcecode.c.objc; path = BWYShoppingCarUITests.m; sourceTree = "<group>"; };
		188378041C50DCC80055BA27 /* Info.plist */ = {isa = PBXFileReference; lastKnownFileType = text.plist.xml; path = Info.plist; sourceTree = "<group>"; };
		188E94B71C7FF58700367887 /* carAddNamol.png */ = {isa = PBXFileReference; lastKnownFileType = image.png; path = carAddNamol.png; sourceTree = "<group>"; };
		188E94B81C7FF58700367887 /* carAddSelect.png */ = {isa = PBXFileReference; lastKnownFileType = image.png; path = carAddSelect.png; sourceTree = "<group>"; };
		188E94B91C7FF58700367887 /* carSubtractNamol.png */ = {isa = PBXFileReference; lastKnownFileType = image.png; path = carSubtractNamol.png; sourceTree = "<group>"; };
		188E94BA1C7FF58700367887 /* carSubtractSelect.png */ = {isa = PBXFileReference; lastKnownFileType = image.png; path = carSubtractSelect.png; sourceTree = "<group>"; };
		188E94BB1C7FF58700367887 /* order_picture_2@2x.png */ = {isa = PBXFileReference; lastKnownFileType = image.png; path = "order_picture_2@2x.png"; sourceTree = "<group>"; };
		188E94BC1C7FF58700367887 /* radiobuttons_normal@2x.png */ = {isa = PBXFileReference; lastKnownFileType = image.png; path = "radiobuttons_normal@2x.png"; sourceTree = "<group>"; };
		188E94BD1C7FF58700367887 /* radiobuttons_pressed@2x.png */ = {isa = PBXFileReference; lastKnownFileType = image.png; path = "radiobuttons_pressed@2x.png"; sourceTree = "<group>"; };
		188E94C51C7FF75B00367887 /* kiutCat.png */ = {isa = PBXFileReference; lastKnownFileType = image.png; path = kiutCat.png; sourceTree = "<group>"; };
		188E94C81C80172600367887 /* BWYShoppingCarModel.h */ = {isa = PBXFileReference; fileEncoding = 4; lastKnownFileType = sourcecode.c.h; path = BWYShoppingCarModel.h; sourceTree = "<group>"; };
		188E94C91C80172600367887 /* BWYShoppingCarModel.m */ = {isa = PBXFileReference; fileEncoding = 4; lastKnownFileType = sourcecode.c.objc; path = BWYShoppingCarModel.m; sourceTree = "<group>"; };
		188E94CB1C80172600367887 /* AppDelegate.h */ = {isa = PBXFileReference; fileEncoding = 4; lastKnownFileType = sourcecode.c.h; path = AppDelegate.h; sourceTree = "<group>"; };
		188E94CC1C80172600367887 /* AppDelegate.m */ = {isa = PBXFileReference; fileEncoding = 4; lastKnownFileType = sourcecode.c.objc; path = AppDelegate.m; sourceTree = "<group>"; };
		188E94CE1C80172600367887 /* BWYShoppingCarTableViewCell.h */ = {isa = PBXFileReference; fileEncoding = 4; lastKnownFileType = sourcecode.c.h; path = BWYShoppingCarTableViewCell.h; sourceTree = "<group>"; };
		188E94CF1C80172600367887 /* BWYShoppingCarTableViewCell.m */ = {isa = PBXFileReference; fileEncoding = 4; lastKnownFileType = sourcecode.c.objc; path = BWYShoppingCarTableViewCell.m; sourceTree = "<group>"; };
		188E94D11C80172600367887 /* ViewController.h */ = {isa = PBXFileReference; fileEncoding = 4; lastKnownFileType = sourcecode.c.h; path = ViewController.h; sourceTree = "<group>"; };
		188E94D21C80172600367887 /* ViewController.m */ = {isa = PBXFileReference; fileEncoding = 4; lastKnownFileType = sourcecode.c.objc; path = ViewController.m; sourceTree = "<group>"; };
		188E94D71C80192900367887 /* DetailViewController.h */ = {isa = PBXFileReference; fileEncoding = 4; lastKnownFileType = sourcecode.c.h; path = DetailViewController.h; sourceTree = "<group>"; };
		188E94D81C80192900367887 /* DetailViewController.m */ = {isa = PBXFileReference; fileEncoding = 4; lastKnownFileType = sourcecode.c.objc; path = DetailViewController.m; sourceTree = "<group>"; };
		188E94DA1C80266400367887 /* deletedImage.png */ = {isa = PBXFileReference; lastKnownFileType = image.png; path = deletedImage.png; sourceTree = "<group>"; };
		188E94DC1C802A8B00367887 /* deletedImage_meitu_3.png */ = {isa = PBXFileReference; lastKnownFileType = image.png; path = deletedImage_meitu_3.png; sourceTree = "<group>"; };
		AFEE423B1C87DB4800F35B1B /* zhiang.jpg */ = {isa = PBXFileReference; lastKnownFileType = image.jpeg; path = zhiang.jpg; sourceTree = "<group>"; };
/* End PBXFileReference section */

/* Begin PBXFrameworksBuildPhase section */
		188377D71C50DCC80055BA27 /* Frameworks */ = {
			isa = PBXFrameworksBuildPhase;
			buildActionMask = 2147483647;
			files = (
			);
			runOnlyForDeploymentPostprocessing = 0;
		};
		188377F01C50DCC80055BA27 /* Frameworks */ = {
			isa = PBXFrameworksBuildPhase;
			buildActionMask = 2147483647;
			files = (
			);
			runOnlyForDeploymentPostprocessing = 0;
		};
		188377FB1C50DCC80055BA27 /* Frameworks */ = {
			isa = PBXFrameworksBuildPhase;
			buildActionMask = 2147483647;
			files = (
			);
			runOnlyForDeploymentPostprocessing = 0;
		};
/* End PBXFrameworksBuildPhase section */

/* Begin PBXGroup section */
		188377D11C50DCC70055BA27 = {
			isa = PBXGroup;
			children = (
				188377DC1C50DCC80055BA27 /* BWYShoppingCar */,
				188377F61C50DCC80055BA27 /* BWYShoppingCarTests */,
				188378011C50DCC80055BA27 /* BWYShoppingCarUITests */,
				188377DB1C50DCC80055BA27 /* Products */,
			);
			sourceTree = "<group>";
		};
		188377DB1C50DCC80055BA27 /* Products */ = {
			isa = PBXGroup;
			children = (
				188377DA1C50DCC80055BA27 /* BWYShoppingCar.app */,
				188377F31C50DCC80055BA27 /* BWYShoppingCarTests.xctest */,
				188377FE1C50DCC80055BA27 /* BWYShoppingCarUITests.xctest */,
			);
			name = Products;
			sourceTree = "<group>";
		};
		188377DC1C50DCC80055BA27 /* BWYShoppingCar */ = {
			isa = PBXGroup;
			children = (
				188E94C71C80172600367887 /* Model */,
				188E94CA1C80172600367887 /* Other */,
				188E94CD1C80172600367887 /* View */,
				188E94D01C80172600367887 /* ViewController */,
				188E94B61C7FF58700367887 /* images */,
				188377E61C50DCC80055BA27 /* Main.storyboard */,
				188377E91C50DCC80055BA27 /* Assets.xcassets */,
				188377EB1C50DCC80055BA27 /* LaunchScreen.storyboard */,
				188377EE1C50DCC80055BA27 /* Info.plist */,
				188377DD1C50DCC80055BA27 /* Supporting Files */,
			);
			path = BWYShoppingCar;
			sourceTree = "<group>";
		};
		188377DD1C50DCC80055BA27 /* Supporting Files */ = {
			isa = PBXGroup;
			children = (
				188377DE1C50DCC80055BA27 /* main.m */,
			);
			name = "Supporting Files";
			sourceTree = "<group>";
		};
		188377F61C50DCC80055BA27 /* BWYShoppingCarTests */ = {
			isa = PBXGroup;
			children = (
				188377F71C50DCC80055BA27 /* BWYShoppingCarTests.m */,
				188377F91C50DCC80055BA27 /* Info.plist */,
			);
			path = BWYShoppingCarTests;
			sourceTree = "<group>";
		};
		188378011C50DCC80055BA27 /* BWYShoppingCarUITests */ = {
			isa = PBXGroup;
			children = (
				188378021C50DCC80055BA27 /* BWYShoppingCarUITests.m */,
				188378041C50DCC80055BA27 /* Info.plist */,
			);
			path = BWYShoppingCarUITests;
			sourceTree = "<group>";
		};
		188E94B61C7FF58700367887 /* images */ = {
			isa = PBXGroup;
			children = (
				AFEE423B1C87DB4800F35B1B /* zhiang.jpg */,
				188E94DC1C802A8B00367887 /* deletedImage_meitu_3.png */,
				188E94DA1C80266400367887 /* deletedImage.png */,
				188E94C51C7FF75B00367887 /* kiutCat.png */,
				1802AC9B1C56205D0018E9EC /* 购物车空.png */,
				188E94B71C7FF58700367887 /* carAddNamol.png */,
				188E94B81C7FF58700367887 /* carAddSelect.png */,
				188E94B91C7FF58700367887 /* carSubtractNamol.png */,
				188E94BA1C7FF58700367887 /* carSubtractSelect.png */,
				188E94BB1C7FF58700367887 /* order_picture_2@2x.png */,
				188E94BC1C7FF58700367887 /* radiobuttons_normal@2x.png */,
				188E94BD1C7FF58700367887 /* radiobuttons_pressed@2x.png */,
			);
			path = images;
			sourceTree = "<group>";
		};
		188E94C71C80172600367887 /* Model */ = {
			isa = PBXGroup;
			children = (
				188E94C81C80172600367887 /* BWYShoppingCarModel.h */,
				188E94C91C80172600367887 /* BWYShoppingCarModel.m */,
			);
			path = Model;
			sourceTree = "<group>";
		};
		188E94CA1C80172600367887 /* Other */ = {
			isa = PBXGroup;
			children = (
				188E94CB1C80172600367887 /* AppDelegate.h */,
				188E94CC1C80172600367887 /* AppDelegate.m */,
			);
			path = Other;
			sourceTree = "<group>";
		};
		188E94CD1C80172600367887 /* View */ = {
			isa = PBXGroup;
			children = (
				188E94CE1C80172600367887 /* BWYShoppingCarTableViewCell.h */,
				188E94CF1C80172600367887 /* BWYShoppingCarTableViewCell.m */,
			);
			path = View;
			sourceTree = "<group>";
		};
		188E94D01C80172600367887 /* ViewController */ = {
			isa = PBXGroup;
			children = (
				188E94D11C80172600367887 /* ViewController.h */,
				188E94D21C80172600367887 /* ViewController.m */,
				188E94D71C80192900367887 /* DetailViewController.h */,
				188E94D81C80192900367887 /* DetailViewController.m */,
			);
			path = ViewController;
			sourceTree = "<group>";
		};
/* End PBXGroup section */

/* Begin PBXNativeTarget section */
		188377D91C50DCC80055BA27 /* BWYShoppingCar */ = {
			isa = PBXNativeTarget;
			buildConfigurationList = 188378071C50DCC80055BA27 /* Build configuration list for PBXNativeTarget "BWYShoppingCar" */;
			buildPhases = (
				188377D61C50DCC80055BA27 /* Sources */,
				188377D71C50DCC80055BA27 /* Frameworks */,
				188377D81C50DCC80055BA27 /* Resources */,
			);
			buildRules = (
			);
			dependencies = (
			);
			name = BWYShoppingCar;
			productName = BWYShoppingCar;
			productReference = 188377DA1C50DCC80055BA27 /* BWYShoppingCar.app */;
			productType = "com.apple.product-type.application";
		};
		188377F21C50DCC80055BA27 /* BWYShoppingCarTests */ = {
			isa = PBXNativeTarget;
			buildConfigurationList = 1883780A1C50DCC80055BA27 /* Build configuration list for PBXNativeTarget "BWYShoppingCarTests" */;
			buildPhases = (
				188377EF1C50DCC80055BA27 /* Sources */,
				188377F01C50DCC80055BA27 /* Frameworks */,
				188377F11C50DCC80055BA27 /* Resources */,
			);
			buildRules = (
			);
			dependencies = (
				188377F51C50DCC80055BA27 /* PBXTargetDependency */,
			);
			name = BWYShoppingCarTests;
			productName = BWYShoppingCarTests;
			productReference = 188377F31C50DCC80055BA27 /* BWYShoppingCarTests.xctest */;
			productType = "com.apple.product-type.bundle.unit-test";
		};
		188377FD1C50DCC80055BA27 /* BWYShoppingCarUITests */ = {
			isa = PBXNativeTarget;
			buildConfigurationList = 1883780D1C50DCC80055BA27 /* Build configuration list for PBXNativeTarget "BWYShoppingCarUITests" */;
			buildPhases = (
				188377FA1C50DCC80055BA27 /* Sources */,
				188377FB1C50DCC80055BA27 /* Frameworks */,
				188377FC1C50DCC80055BA27 /* Resources */,
			);
			buildRules = (
			);
			dependencies = (
				188378001C50DCC80055BA27 /* PBXTargetDependency */,
			);
			name = BWYShoppingCarUITests;
			productName = BWYShoppingCarUITests;
			productReference = 188377FE1C50DCC80055BA27 /* BWYShoppingCarUITests.xctest */;
			productType = "com.apple.product-type.bundle.ui-testing";
		};
/* End PBXNativeTarget section */

/* Begin PBXProject section */
		188377D21C50DCC70055BA27 /* Project object */ = {
			isa = PBXProject;
			attributes = {
				LastUpgradeCheck = 0720;
				ORGANIZATIONNAME = "毕炜勇";
				TargetAttributes = {
					188377D91C50DCC80055BA27 = {
						CreatedOnToolsVersion = 7.2;
						DevelopmentTeam = EA5FU5832Z;
					};
					188377F21C50DCC80055BA27 = {
						CreatedOnToolsVersion = 7.2;
						TestTargetID = 188377D91C50DCC80055BA27;
					};
					188377FD1C50DCC80055BA27 = {
						CreatedOnToolsVersion = 7.2;
						TestTargetID = 188377D91C50DCC80055BA27;
					};
				};
			};
			buildConfigurationList = 188377D51C50DCC70055BA27 /* Build configuration list for PBXProject "BWYShoppingCar" */;
			compatibilityVersion = "Xcode 3.2";
			developmentRegion = English;
			hasScannedForEncodings = 0;
			knownRegions = (
				en,
				Base,
			);
			mainGroup = 188377D11C50DCC70055BA27;
			productRefGroup = 188377DB1C50DCC80055BA27 /* Products */;
			projectDirPath = "";
			projectRoot = "";
			targets = (
				188377D91C50DCC80055BA27 /* BWYShoppingCar */,
				188377F21C50DCC80055BA27 /* BWYShoppingCarTests */,
				188377FD1C50DCC80055BA27 /* BWYShoppingCarUITests */,
			);
		};
/* End PBXProject section */

/* Begin PBXResourcesBuildPhase section */
		188377D81C50DCC80055BA27 /* Resources */ = {
			isa = PBXResourcesBuildPhase;
			buildActionMask = 2147483647;
			files = (
				188E94C01C7FF58700367887 /* carSubtractNamol.png in Resources */,
				1802AC9C1C56205D0018E9EC /* 购物车空.png in Resources */,
				188377ED1C50DCC80055BA27 /* LaunchScreen.storyboard in Resources */,
				AFEE423C1C87DB4800F35B1B /* zhiang.jpg in Resources */,
				188E94BE1C7FF58700367887 /* carAddNamol.png in Resources */,
				188377EA1C50DCC80055BA27 /* Assets.xcassets in Resources */,
				188E94C11C7FF58700367887 /* carSubtractSelect.png in Resources */,
				188E94C21C7FF58700367887 /* order_picture_2@2x.png in Resources */,
				188E94C61C7FF75B00367887 /* kiutCat.png in Resources */,
				188E94C31C7FF58700367887 /* radiobuttons_normal@2x.png in Resources */,
				188E94C41C7FF58700367887 /* radiobuttons_pressed@2x.png in Resources */,
				188377E81C50DCC80055BA27 /* Main.storyboard in Resources */,
				188E94BF1C7FF58700367887 /* carAddSelect.png in Resources */,
				188E94DD1C802A8B00367887 /* deletedImage_meitu_3.png in Resources */,
				188E94DB1C80266400367887 /* deletedImage.png in Resources */,
			);
			runOnlyForDeploymentPostprocessing = 0;
		};
		188377F11C50DCC80055BA27 /* Resources */ = {
			isa = PBXResourcesBuildPhase;
			buildActionMask = 2147483647;
			files = (
			);
			runOnlyForDeploymentPostprocessing = 0;
		};
		188377FC1C50DCC80055BA27 /* Resources */ = {
			isa = PBXResourcesBuildPhase;
			buildActionMask = 2147483647;
			files = (
			);
			runOnlyForDeploymentPostprocessing = 0;
		};
/* End PBXResourcesBuildPhase section */

/* Begin PBXSourcesBuildPhase section */
		188377D61C50DCC80055BA27 /* Sources */ = {
			isa = PBXSourcesBuildPhase;
			buildActionMask = 2147483647;
			files = (
				188377DF1C50DCC80055BA27 /* main.m in Sources */,
				188E94D31C80172600367887 /* BWYShoppingCarModel.m in Sources */,
				188E94D41C80172600367887 /* AppDelegate.m in Sources */,
				188E94D51C80172600367887 /* BWYShoppingCarTableViewCell.m in Sources */,
				188E94D61C80172600367887 /* ViewController.m in Sources */,
				188E94D91C80192900367887 /* DetailViewController.m in Sources */,
			);
			runOnlyForDeploymentPostprocessing = 0;
		};
		188377EF1C50DCC80055BA27 /* Sources */ = {
			isa = PBXSourcesBuildPhase;
			buildActionMask = 2147483647;
			files = (
				188377F81C50DCC80055BA27 /* BWYShoppingCarTests.m in Sources */,
			);
			runOnlyForDeploymentPostprocessing = 0;
		};
		188377FA1C50DCC80055BA27 /* Sources */ = {
			isa = PBXSourcesBuildPhase;
			buildActionMask = 2147483647;
			files = (
				188378031C50DCC80055BA27 /* BWYShoppingCarUITests.m in Sources */,
			);
			runOnlyForDeploymentPostprocessing = 0;
		};
/* End PBXSourcesBuildPhase section */

/* Begin PBXTargetDependency section */
		188377F51C50DCC80055BA27 /* PBXTargetDependency */ = {
			isa = PBXTargetDependency;
			target = 188377D91C50DCC80055BA27 /* BWYShoppingCar */;
			targetProxy = 188377F41C50DCC80055BA27 /* PBXContainerItemProxy */;
		};
		188378001C50DCC80055BA27 /* PBXTargetDependency */ = {
			isa = PBXTargetDependency;
			target = 188377D91C50DCC80055BA27 /* BWYShoppingCar */;
			targetProxy = 188377FF1C50DCC80055BA27 /* PBXContainerItemProxy */;
		};
/* End PBXTargetDependency section */

/* Begin PBXVariantGroup section */
		188377E61C50DCC80055BA27 /* Main.storyboard */ = {
			isa = PBXVariantGroup;
			children = (
				188377E71C50DCC80055BA27 /* Base */,
			);
			name = Main.storyboard;
			sourceTree = "<group>";
		};
		188377EB1C50DCC80055BA27 /* LaunchScreen.storyboard */ = {
			isa = PBXVariantGroup;
			children = (
				188377EC1C50DCC80055BA27 /* Base */,
			);
			name = LaunchScreen.storyboard;
			sourceTree = "<group>";
		};
/* End PBXVariantGroup section */

/* Begin XCBuildConfiguration section */
		188378051C50DCC80055BA27 /* Debug */ = {
			isa = XCBuildConfiguration;
			buildSettings = {
				ALWAYS_SEARCH_USER_PATHS = NO;
				CLANG_CXX_LANGUAGE_STANDARD = "gnu++0x";
				CLANG_CXX_LIBRARY = "libc++";
				CLANG_ENABLE_MODULES = YES;
				CLANG_ENABLE_OBJC_ARC = YES;
				CLANG_WARN_BOOL_CONVERSION = YES;
				CLANG_WARN_CONSTANT_CONVERSION = YES;
				CLANG_WARN_DIRECT_OBJC_ISA_USAGE = YES_ERROR;
				CLANG_WARN_EMPTY_BODY = YES;
				CLANG_WARN_ENUM_CONVERSION = YES;
				CLANG_WARN_INT_CONVERSION = YES;
				CLANG_WARN_OBJC_ROOT_CLASS = YES_ERROR;
				CLANG_WARN_UNREACHABLE_CODE = YES;
				CLANG_WARN__DUPLICATE_METHOD_MATCH = YES;
				"CODE_SIGN_IDENTITY[sdk=iphoneos*]" = "iPhone Developer";
				COPY_PHASE_STRIP = NO;
				DEBUG_INFORMATION_FORMAT = dwarf;
				ENABLE_STRICT_OBJC_MSGSEND = YES;
				ENABLE_TESTABILITY = YES;
				GCC_C_LANGUAGE_STANDARD = gnu99;
				GCC_DYNAMIC_NO_PIC = NO;
				GCC_NO_COMMON_BLOCKS = YES;
				GCC_OPTIMIZATION_LEVEL = 0;
				GCC_PREPROCESSOR_DEFINITIONS = (
					"DEBUG=1",
					"$(inherited)",
				);
				GCC_WARN_64_TO_32_BIT_CONVERSION = YES;
				GCC_WARN_ABOUT_RETURN_TYPE = YES_ERROR;
				GCC_WARN_UNDECLARED_SELECTOR = YES;
				GCC_WARN_UNINITIALIZED_AUTOS = YES_AGGRESSIVE;
				GCC_WARN_UNUSED_FUNCTION = YES;
				GCC_WARN_UNUSED_VARIABLE = YES;
				IPHONEOS_DEPLOYMENT_TARGET = 9.2;
				MTL_ENABLE_DEBUG_INFO = YES;
				ONLY_ACTIVE_ARCH = YES;
				SDKROOT = iphoneos;
			};
			name = Debug;
		};
		188378061C50DCC80055BA27 /* Release */ = {
			isa = XCBuildConfiguration;
			buildSettings = {
				ALWAYS_SEARCH_USER_PATHS = NO;
				CLANG_CXX_LANGUAGE_STANDARD = "gnu++0x";
				CLANG_CXX_LIBRARY = "libc++";
				CLANG_ENABLE_MODULES = YES;
				CLANG_ENABLE_OBJC_ARC = YES;
				CLANG_WARN_BOOL_CONVERSION = YES;
				CLANG_WARN_CONSTANT_CONVERSION = YES;
				CLANG_WARN_DIRECT_OBJC_ISA_USAGE = YES_ERROR;
				CLANG_WARN_EMPTY_BODY = YES;
				CLANG_WARN_ENUM_CONVERSION = YES;
				CLANG_WARN_INT_CONVERSION = YES;
				CLANG_WARN_OBJC_ROOT_CLASS = YES_ERROR;
				CLANG_WARN_UNREACHABLE_CODE = YES;
				CLANG_WARN__DUPLICATE_METHOD_MATCH = YES;
				"CODE_SIGN_IDENTITY[sdk=iphoneos*]" = "iPhone Developer";
				COPY_PHASE_STRIP = NO;
				DEBUG_INFORMATION_FORMAT = "dwarf-with-dsym";
				ENABLE_NS_ASSERTIONS = NO;
				ENABLE_STRICT_OBJC_MSGSEND = YES;
				GCC_C_LANGUAGE_STANDARD = gnu99;
				GCC_NO_COMMON_BLOCKS = YES;
				GCC_WARN_64_TO_32_BIT_CONVERSION = YES;
				GCC_WARN_ABOUT_RETURN_TYPE = YES_ERROR;
				GCC_WARN_UNDECLARED_SELECTOR = YES;
				GCC_WARN_UNINITIALIZED_AUTOS = YES_AGGRESSIVE;
				GCC_WARN_UNUSED_FUNCTION = YES;
				GCC_WARN_UNUSED_VARIABLE = YES;
				IPHONEOS_DEPLOYMENT_TARGET = 9.2;
				MTL_ENABLE_DEBUG_INFO = NO;
				SDKROOT = iphoneos;
				VALIDATE_PRODUCT = YES;
			};
			name = Release;
		};
		188378081C50DCC80055BA27 /* Debug */ = {
			isa = XCBuildConfiguration;
			buildSettings = {
				ASSETCATALOG_COMPILER_APPICON_NAME = AppIcon;
				CODE_SIGN_IDENTITY = "iPhone Developer";
				INFOPLIST_FILE = BWYShoppingCar/Info.plist;
				IPHONEOS_DEPLOYMENT_TARGET = 7.0;
				LD_RUNPATH_SEARCH_PATHS = "$(inherited) @executable_path/Frameworks";
				PRODUCT_BUNDLE_IDENTIFIER = com.BWY.BWYShoppingCar1230;
				PRODUCT_NAME = "$(TARGET_NAME)";
			};
			name = Debug;
		};
		188378091C50DCC80055BA27 /* Release */ = {
			isa = XCBuildConfiguration;
			buildSettings = {
				ASSETCATALOG_COMPILER_APPICON_NAME = AppIcon;
				CODE_SIGN_IDENTITY = "iPhone Developer";
				INFOPLIST_FILE = BWYShoppingCar/Info.plist;
				IPHONEOS_DEPLOYMENT_TARGET = 7.0;
				LD_RUNPATH_SEARCH_PATHS = "$(inherited) @executable_path/Frameworks";
				PRODUCT_BUNDLE_IDENTIFIER = com.BWY.BWYShoppingCar1230;
				PRODUCT_NAME = "$(TARGET_NAME)";
			};
			name = Release;
		};
		1883780B1C50DCC80055BA27 /* Debug */ = {
			isa = XCBuildConfiguration;
			buildSettings = {
				BUNDLE_LOADER = "$(TEST_HOST)";
				INFOPLIST_FILE = BWYShoppingCarTests/Info.plist;
				LD_RUNPATH_SEARCH_PATHS = "$(inherited) @executable_path/Frameworks @loader_path/Frameworks";
				PRODUCT_BUNDLE_IDENTIFIER = com.BWY.BWYShoppingCarTests;
				PRODUCT_NAME = "$(TARGET_NAME)";
				TEST_HOST = "$(BUILT_PRODUCTS_DIR)/BWYShoppingCar.app/BWYShoppingCar";
			};
			name = Debug;
		};
		1883780C1C50DCC80055BA27 /* Release */ = {
			isa = XCBuildConfiguration;
			buildSettings = {
				BUNDLE_LOADER = "$(TEST_HOST)";
				INFOPLIST_FILE = BWYShoppingCarTests/Info.plist;
				LD_RUNPATH_SEARCH_PATHS = "$(inherited) @executable_path/Frameworks @loader_path/Frameworks";
				PRODUCT_BUNDLE_IDENTIFIER = com.BWY.BWYShoppingCarTests;
				PRODUCT_NAME = "$(TARGET_NAME)";
				TEST_HOST = "$(BUILT_PRODUCTS_DIR)/BWYShoppingCar.app/BWYShoppingCar";
			};
			name = Release;
		};
		1883780E1C50DCC80055BA27 /* Debug */ = {
			isa = XCBuildConfiguration;
			buildSettings = {
				INFOPLIST_FILE = BWYShoppingCarUITests/Info.plist;
				LD_RUNPATH_SEARCH_PATHS = "$(inherited) @executable_path/Frameworks @loader_path/Frameworks";
				PRODUCT_BUNDLE_IDENTIFIER = com.BWY.BWYShoppingCarUITests;
				PRODUCT_NAME = "$(TARGET_NAME)";
				TEST_TARGET_NAME = BWYShoppingCar;
				USES_XCTRUNNER = YES;
			};
			name = Debug;
		};
		1883780F1C50DCC80055BA27 /* Release */ = {
			isa = XCBuildConfiguration;
			buildSettings = {
				INFOPLIST_FILE = BWYShoppingCarUITests/Info.plist;
				LD_RUNPATH_SEARCH_PATHS = "$(inherited) @executable_path/Frameworks @loader_path/Frameworks";
				PRODUCT_BUNDLE_IDENTIFIER = com.BWY.BWYShoppingCarUITests;
				PRODUCT_NAME = "$(TARGET_NAME)";
				TEST_TARGET_NAME = BWYShoppingCar;
				USES_XCTRUNNER = YES;
			};
			name = Release;
		};
/* End XCBuildConfiguration section */

/* Begin XCConfigurationList section */
		188377D51C50DCC70055BA27 /* Build configuration list for PBXProject "BWYShoppingCar" */ = {
			isa = XCConfigurationList;
			buildConfigurations = (
				188378051C50DCC80055BA27 /* Debug */,
				188378061C50DCC80055BA27 /* Release */,
			);
			defaultConfigurationIsVisible = 0;
			defaultConfigurationName = Release;
		};
		188378071C50DCC80055BA27 /* Build configuration list for PBXNativeTarget "BWYShoppingCar" */ = {
			isa = XCConfigurationList;
			buildConfigurations = (
				188378081C50DCC80055BA27 /* Debug */,
				188378091C50DCC80055BA27 /* Release */,
			);
			defaultConfigurationIsVisible = 0;
			defaultConfigurationName = Release;
		};
		1883780A1C50DCC80055BA27 /* Build configuration list for PBXNativeTarget "BWYShoppingCarTests" */ = {
			isa = XCConfigurationList;
			buildConfigurations = (
				1883780B1C50DCC80055BA27 /* Debug */,
				1883780C1C50DCC80055BA27 /* Release */,
			);
			defaultConfigurationIsVisible = 0;
			defaultConfigurationName = Release;
		};
		1883780D1C50DCC80055BA27 /* Build configuration list for PBXNativeTarget "BWYShoppingCarUITests" */ = {
			isa = XCConfigurationList;
			buildConfigurations = (
				1883780E1C50DCC80055BA27 /* Debug */,
				1883780F1C50DCC80055BA27 /* Release */,
			);
			defaultConfigurationIsVisible = 0;
			defaultConfigurationName = Release;
		};
/* End XCConfigurationList section */
	};
	rootObject = 188377D21C50DCC70055BA27 /* Project object */;
}
